{
  "name": "mimo",
  "version": "1.0.0",
  "lockfileVersion": 3,
  "requires": true,
  "packages": {
    "": {
      "name": "mimo",
      "version": "1.0.0",
      "license": "ISC",
      "dependencies": {
        "@mimo-ai/cli": "^0.1.1"
      }
    },
    "node_modules/@mimo-ai/cli": {
      "version": "0.1.1",
      "resolved": "https://registry.npmjs.org/@mimo-ai/cli/-/cli-0.1.1.tgz",
      "integrity": "sha512-41Ev5ThERjXHvloApXZWXA6gc90eE/5KBjvXz7yKWgU9U8HTl6FEvcxR1pUzxE+c4zEg9VWeSQedsRt2CqbK5Q==",
      "hasInstallScript": true,
      "license": "MIT",
      "bin": {
        "mimo": "bin/mimo"
      },
      "optionalDependencies": {
        "@mimo-ai/mimocode-darwin-arm64": "0.1.1",
        "@mimo-ai/mimocode-darwin-x64": "0.1.1",
        "@mimo-ai/mimocode-darwin-x64-baseline": "0.1.1",
        "@mimo-ai/mimocode-linux-arm64": "0.1.1",
        "@mimo-ai/mimocode-linux-arm64-musl": "0.1.1",
        "@mimo-ai/mimocode-linux-x64": "0.1.1",
        "@mimo-ai/mimocode-linux-x64-baseline": "0.1.1",
        "@mimo-ai/mimocode-linux-x64-baseline-musl": "0.1.1",
        "@mimo-ai/mimocode-linux-x64-musl": "0.1.1",
        "@mimo-ai/mimocode-windows-arm64": "0.1.1",
        "@mimo-ai/mimocode-windows-x64": "0.1.1",
        "@mimo-ai/mimocode-windows-x64-baseline": "0.1.1"
      }
    },
    "node_modules/@mimo-ai/mimocode-darwin-arm64": {
      "version": "0.1.1",
      "resolved": "https://registry.npmjs.org/@mimo-ai/mimocode-darwin-arm64/-/mimocode-darwin-arm64-0.1.1.tgz",
      "integrity": "sha512-f5ay9ht/ZBGzeszdg7mRf63Du2zZdHPS0dZE/LsVAvuCgRu8iEc7W+H9l7ABvdPdGBFffpd9mjBJu92OOuDquA==",
      "cpu": [
        "arm64"
      ],
      "license": "MIT",
      "optional": true,
      "os": [
        "darwin"
      ]
    },
    "node_modules/@mimo-ai/mimocode-darwin-x64": {
      "version": "0.1.1",
      "resolved": "https://registry.npmjs.org/@mimo-ai/mimocode-darwin-x64/-/mimocode-darwin-x64-0.1.1.tgz",
      "integrity": "sha512-63uI4mjpJbJZPqqxWJDzMmSDBMH5qsn6y3CKvDwYFQjJO6z+FVBNZ8eq3ECWdwZ416ZqicJCAw3pYgw7kenxvA==",
      "cpu": [
        "x64"
      ],
      "license": "MIT",
      "optional": true,
      "os": [
        "darwin"
      ]
    },
    "node_modules/@mimo-ai/mimocode-darwin-x64-baseline": {
      "version": "0.1.1",
      "resolved": "https://registry.npmjs.org/@mimo-ai/mimocode-darwin-x64-baseline/-/mimocode-darwin-x64-baseline-0.1.1.tgz",
      "integrity": "sha512-iKRYNbJN5IxNjQjo0tQAvk0SDbd+/L1lLflqXJpdrHdmh6CE6WZXi661x/JXRd4O9bpQtLAx0pyAOVkUDAtPdw==",
      "cpu": [
        "x64"
      ],
      "license": "MIT",
      "optional": true,
      "os": [
        "darwin"
      ]
    },
    "node_modules/@mimo-ai/mimocode-linux-arm64": {
      "version": "0.1.1",
      "resolved": "https://registry.npmjs.org/@mimo-ai/mimocode-linux-arm64/-/mimocode-linux-arm64-0.1.1.tgz",
      "integrity": "sha512-P5jNS6wAAXXTibGNyYJqkp41I2qmYoHLfsz5O3bnOLDiuxgRc2v7WDSmxYJNV9KTepONQ41QDuGJ/nNYcrtH6w==",
      "cpu": [
        "arm64"
      ],
      "license": "MIT",
      "optional": true,
      "os": [
        "linux"
      ]
    },
    "node_modules/@mimo-ai/mimocode-linux-arm64-musl": {
      "version": "0.1.1",
      "resolved": "https://registry.npmjs.org/@mimo-ai/mimocode-linux-arm64-musl/-/mimocode-linux-arm64-musl-0.1.1.tgz",
      "integrity": "sha512-ftAYRwIb0TM0Ge8XB2QY2Ci3hVQDG5mbKQj6jbnVqC4gzHtrRHO3gmfznfkBlwZ1erj8Mo/BQEZ4sW0FCFRWew==",
      "cpu": [
        "arm64"
      ],
      "license": "MIT",
      "optional": true,
      "os": [
        "linux"
      ]
    },
    "node_modules/@mimo-ai/mimocode-linux-x64": {
      "version": "0.1.1",
      "resolved": "https://registry.npmjs.org/@mimo-ai/mimocode-linux-x64/-/mimocode-linux-x64-0.1.1.tgz",
      "integrity": "sha512-svavMrNk8ivx+jYr05WheOt7xvff2D96Ne7DbPIm9FIZcU/OwQ8ocUHF2sTaCSxnGL2Xnw2C6vvANDYwL0VYGA==",
      "cpu": [
        "x64"
      ],
      "license": "MIT",
      "optional": true,
      "os": [
        "linux"
      ]
    },
    "node_modules/@mimo-ai/mimocode-linux-x64-baseline": {
      "version": "0.1.1",
      "resolved": "https://registry.npmjs.org/@mimo-ai/mimocode-linux-x64-baseline/-/mimocode-linux-x64-baseline-0.1.1.tgz",
      "integrity": "sha512-pI1RT6kJEJt/IRLmQYGI/Q1MEP+rAgFD/Ozbu79vGLFXXyyBDGTclx8RS2QmQEh0TMenNv12rm0B0Y4DDAxm9A==",
      "cpu": [
        "x64"
      ],
      "license": "MIT",
      "optional": true,
      "os": [
        "linux"
      ]
    },
    "node_modules/@mimo-ai/mimocode-linux-x64-baseline-musl": {
      "version": "0.1.1",
      "resolved": "https://registry.npmjs.org/@mimo-ai/mimocode-linux-x64-baseline-musl/-/mimocode-linux-x64-baseline-musl-0.1.1.tgz",
      "integrity": "sha512-zHRjB74YeweJYFy/Yt41D9p0WrxfZ+8HH9jlCSTaP40YGS8s+4J3GHEjYNdbWiRwhoKFTRflWsklZel8gxA47g==",
      "cpu": [
        "x64"
      ],
      "license": "MIT",
      "optional": true,
      "os": [
        "linux"
      ]
    },
    "node_modules/@mimo-ai/mimocode-linux-x64-musl": {
      "version": "0.1.1",
      "resolved": "https://registry.npmjs.org/@mimo-ai/mimocode-linux-x64-musl/-/mimocode-linux-x64-musl-0.1.1.tgz",
      "integrity": "sha512-th4nssmvaJ6jeK8nB+UhLn6Q/mk/JA53xon/2BBJv1L8FAyc7CUcnTlcQ6yo6l6iG4oRm0mT4Fu2gwym6LPj9w==",
      "cpu": [
        "x64"
      ],
      "license": "MIT",
      "optional": true,
      "os": [
        "linux"
      ]
    },
    "node_modules/@mimo-ai/mimocode-windows-arm64": {
      "version": "0.1.1",
      "resolved": "https://registry.npmjs.org/@mimo-ai/mimocode-windows-arm64/-/mimocode-windows-arm64-0.1.1.tgz",
      "integrity": "sha512-y8UXQCHDv4DKs9vsBMIHnO8DyPggrucel0EekaKpCwwSy8879QEojfw4a+DogC7VVrgcR+9MYvrYwAmJVjnnGA==",
      "cpu": [
        "arm64"
      ],
      "license": "MIT",
      "optional": true,
      "os": [
        "win32"
      ]
    },
    "node_modules/@mimo-ai/mimocode-windows-x64": {
      "version": "0.1.1",
      "resolved": "https://registry.npmjs.org/@mimo-ai/mimocode-windows-x64/-/mimocode-windows-x64-0.1.1.tgz",
      "integrity": "sha512-MbKws/zuqvX/2bPZ5gtNWH4Ydp0Ww1JxChhQvtXoPgjUOPto8fZWWvF12ecsvn/w6hWEh+IetRsq/2ydk3HcPA==",
      "cpu": [
        "x64"
      ],
      "license": "MIT",
      "optional": true,
      "os": [
        "win32"
      ]
    },
    "node_modules/@mimo-ai/mimocode-windows-x64-baseline": {
      "version": "0.1.1",
      "resolved": "https://registry.npmjs.org/@mimo-ai/mimocode-windows-x64-baseline/-/mimocode-windows-x64-baseline-0.1.1.tgz",
      "integrity": "sha512-rfF7udZfSiFGXb9x4XR7alJxNBOLdCJx/A0skUYKprJVMp1wgElZ6i2QtjYRedObEhlOYoTQb+vZqWFFjZiXWg==",
      "cpu": [
        "x64"
      ],
      "license": "MIT",
      "optional": true,
      "os": [
        "win32"
      ]
    }
  }
}
